
Microsoft Visual Studio Solution File, Format Version 12.00
# Visual Studio Version 17
VisualStudioVersion = 17.9.34728.123
MinimumVisualStudioVersion = 10.0.40219.1
Project("{FAE04EC0-301F-11D3-BF4B-00C04F79EFBC}") = "Gym_Fee_Management", "Gym_Fee_Management.csproj", "{EC68C691-F6A9-4F52-BD5C-50FE1819E87A}"
EndProject
Global
	GlobalSection(SolutionConfigurationPlatforms) = preSolution
		Debug|Any CPU = Debug|Any CPU
		Release|Any CPU = Release|Any CPU
	EndGlobalSection
	GlobalSection(ProjectConfigurationPlatforms) = postSolution
		{EC68C691-F6A9-4F52-BD5C-50FE1819E87A}.Debug|Any CPU.ActiveCfg = Debug|Any CPU
		{EC68C691-F6A9-4F52-BD5C-50FE1819E87A}.Debug|Any CPU.Build.0 = Debug|Any CPU
		{EC68C691-F6A9-4F52-BD5C-50FE1819E87A}.Release|Any CPU.ActiveCfg = Release|Any CPU
		{EC68C691-F6A9-4F52-BD5C-50FE1819E87A}.Release|Any CPU.Build.0 = Release|Any CPU
	EndGlobalSection
	GlobalSection(SolutionProperties) = preSolution
		HideSolutionNode = FALSE
	EndGlobalSection
	GlobalSection(ExtensibilityGlobals) = postSolution
		SolutionGuid = {2B75D48D-09AA-40C0-AD9D-D1C8E6E0B707}
	EndGlobalSection
EndGlobal
